
Microsoft Visual Studio Solution File, Format Version 12.00
# Visual Studio Version 17
VisualStudioVersion = 17.7.34202.233
MinimumVisualStudioVersion = 10.0.40219.1
Project("{9A19103F-16F7-4668-BE54-9A1E7A4F7556}") = "KoshelekTestTask.Api", "KoshelekTestTask.Api\KoshelekTestTask.Api.csproj", "{E91DB43D-BB6C-424D-AD45-84158764F49F}"
EndProject
Project("{9A19103F-16F7-4668-BE54-9A1E7A4F7556}") = "KoshelekTestTask.Core", "KoshelekTestTask.Core\KoshelekTestTask.Core.csproj", "{4BFB8071-8B10-425A-9663-FD1306ACBBE6}"
EndProject
Project("{9A19103F-16F7-4668-BE54-9A1E7A4F7556}") = "KoshelekTestTask.Infrastructure", "KoshelekTestTask.Infrastructure\KoshelekTestTask.Infrastructure.csproj", "{D07C69EC-7D59-4D76-AEBD-216621E6A0E7}"
EndProject
Project("{FAE04EC0-301F-11D3-BF4B-00C04F79EFBC}") = "KoshelekTestTask.Client", "KoshelekTestTask.Client\KoshelekTestTask.Client.csproj", "{C68837AB-EF90-4BC7-B276-5DFF1A5C37BE}"
EndProject
Project("{E53339B2-1760-4266-BCC7-CA923CBCF16C}") = "docker-compose", "docker-compose.dcproj", "{175DB43B-36F9-45F5-858A-F91B3677D3E5}"
EndProject
Global
	GlobalSection(SolutionConfigurationPlatforms) = preSolution
		Debug|Any CPU = Debug|Any CPU
		Release|Any CPU = Release|Any CPU
	EndGlobalSection
	GlobalSection(ProjectConfigurationPlatforms) = postSolution
		{E91DB43D-BB6C-424D-AD45-84158764F49F}.Debug|Any CPU.ActiveCfg = Debug|Any CPU
		{E91DB43D-BB6C-424D-AD45-84158764F49F}.Debug|Any CPU.Build.0 = Debug|Any CPU
		{E91DB43D-BB6C-424D-AD45-84158764F49F}.Release|Any CPU.ActiveCfg = Release|Any CPU
		{E91DB43D-BB6C-424D-AD45-84158764F49F}.Release|Any CPU.Build.0 = Release|Any CPU
		{4BFB8071-8B10-425A-9663-FD1306ACBBE6}.Debug|Any CPU.ActiveCfg = Debug|Any CPU
		{4BFB8071-8B10-425A-9663-FD1306ACBBE6}.Debug|Any CPU.Build.0 = Debug|Any CPU
		{4BFB8071-8B10-425A-9663-FD1306ACBBE6}.Release|Any CPU.ActiveCfg = Release|Any CPU
		{4BFB8071-8B10-425A-9663-FD1306ACBBE6}.Release|Any CPU.Build.0 = Release|Any CPU
		{D07C69EC-7D59-4D76-AEBD-216621E6A0E7}.Debug|Any CPU.ActiveCfg = Debug|Any CPU
		{D07C69EC-7D59-4D76-AEBD-216621E6A0E7}.Debug|Any CPU.Build.0 = Debug|Any CPU
		{D07C69EC-7D59-4D76-AEBD-216621E6A0E7}.Release|Any CPU.ActiveCfg = Release|Any CPU
		{D07C69EC-7D59-4D76-AEBD-216621E6A0E7}.Release|Any CPU.Build.0 = Release|Any CPU
		{C68837AB-EF90-4BC7-B276-5DFF1A5C37BE}.Debug|Any CPU.ActiveCfg = Debug|Any CPU
		{C68837AB-EF90-4BC7-B276-5DFF1A5C37BE}.Debug|Any CPU.Build.0 = Debug|Any CPU
		{C68837AB-EF90-4BC7-B276-5DFF1A5C37BE}.Release|Any CPU.ActiveCfg = Release|Any CPU
		{C68837AB-EF90-4BC7-B276-5DFF1A5C37BE}.Release|Any CPU.Build.0 = Release|Any CPU
		{175DB43B-36F9-45F5-858A-F91B3677D3E5}.Debug|Any CPU.ActiveCfg = Debug|Any CPU
		{175DB43B-36F9-45F5-858A-F91B3677D3E5}.Debug|Any CPU.Build.0 = Debug|Any CPU
		{175DB43B-36F9-45F5-858A-F91B3677D3E5}.Release|Any CPU.ActiveCfg = Release|Any CPU
		{175DB43B-36F9-45F5-858A-F91B3677D3E5}.Release|Any CPU.Build.0 = Release|Any CPU
	EndGlobalSection
	GlobalSection(SolutionProperties) = preSolution
		HideSolutionNode = FALSE
	EndGlobalSection
	GlobalSection(ExtensibilityGlobals) = postSolution
		SolutionGuid = {CC4A044D-92D3-459E-A984-BDEB5DE72CBC}
	EndGlobalSection
EndGlobal
